
Microsoft Visual Studio Solution File, Format Version 11.00
# Visual Studio 2010
# SharpDevelop 4.4
Project("{FAE04EC0-301F-11D3-BF4B-00C04F79EFBC}") = "listao01", "listao01\listao01.csproj", "{0B5555D0-4306-458C-B213-7475D3E8144E}"
EndProject
Global
	GlobalSection(SolutionConfigurationPlatforms) = preSolution
		Debug|Any CPU = Debug|Any CPU
		Release|Any CPU = Release|Any CPU
	EndGlobalSection
	GlobalSection(ProjectConfigurationPlatforms) = postSolution
		{0B5555D0-4306-458C-B213-7475D3E8144E}.Debug|Any CPU.Build.0 = Debug|Any CPU
		{0B5555D0-4306-458C-B213-7475D3E8144E}.Debug|Any CPU.ActiveCfg = Debug|Any CPU
		{0B5555D0-4306-458C-B213-7475D3E8144E}.Release|Any CPU.Build.0 = Release|Any CPU
		{0B5555D0-4306-458C-B213-7475D3E8144E}.Release|Any CPU.ActiveCfg = Release|Any CPU
	EndGlobalSection
EndGlobal
